// !$*UTF8*$!
{
	archiveVersion = 1;
	classes = {
	};
	objectVersion = 46;
	objects = {

/* Begin PBXBuildFile section */
		3345ECD319C568C700007E07 /* AppDelegate.swift in Sources */ = {isa = PBXBuildFile; fileRef = 3345ECD219C568C700007E07 /* AppDelegate.swift */; };
		3345ECD519C568C700007E07 /* ViewController.swift in Sources */ = {isa = PBXBuildFile; fileRef = 3345ECD419C568C700007E07 /* ViewController.swift */; };
		3345ECD819C568C700007E07 /* Main.storyboard in Resources */ = {isa = PBXBuildFile; fileRef = 3345ECD619C568C700007E07 /* Main.storyboard */; };
		3345ECDA19C568C700007E07 /* Images.xcassets in Resources */ = {isa = PBXBuildFile; fileRef = 3345ECD919C568C700007E07 /* Images.xcassets */; };
		3345ECDD19C568C700007E07 /* LaunchScreen.xib in Resources */ = {isa = PBXBuildFile; fileRef = 3345ECDB19C568C700007E07 /* LaunchScreen.xib */; };
		3345ECE919C568C700007E07 /* MousePadTests.swift in Sources */ = {isa = PBXBuildFile; fileRef = 3345ECE819C568C700007E07 /* MousePadTests.swift */; };
/* End PBXBuildFile section */

/* Begin PBXContainerItemProxy section */
		3345ECE319C568C700007E07 /* PBXContainerItemProxy */ = {
			isa = PBXContainerItemProxy;
			containerPortal = 3345ECC519C568C700007E07 /* Project object */;
			proxyType = 1;
			remoteGlobalIDString = 3345ECCC19C568C700007E07;
			remoteInfo = MousePad;
		};
/* End PBXContainerItemProxy section */

/* Begin PBXFileReference section */
		3345ECCD19C568C700007E07 /* MousePad.app */ = {isa = PBXFileReference; explicitFileType = wrapper.application; includeInIndex = 0; path = MousePad.app; sourceTree = BUILT_PRODUCTS_DIR; };
		3345ECD119C568C700007E07 /* Info.plist */ = {isa = PBXFileReference; lastKnownFileType = text.plist.xml; path = Info.plist; sourceTree = "<group>"; };
		3345ECD219C568C700007E07 /* AppDelegate.swift */ = {isa = PBXFileReference; lastKnownFileType = sourcecode.swift; path = AppDelegate.swift; sourceTree = "<group>"; };
		3345ECD419C568C700007E07 /* ViewController.swift */ = {isa = PBXFileReference; lastKnownFileType = sourcecode.swift; path = ViewController.swift; sourceTree = "<group>"; };
		3345ECD719C568C700007E07 /* Base */ = {isa = PBXFileReference; lastKnownFileType = file.storyboard; name = Base; path = Base.lproj/Main.storyboard; sourceTree = "<group>"; };
		3345ECD919C568C700007E07 /* Images.xcassets */ = {isa = PBXFileReference; lastKnownFileType = folder.assetcatalog; path = Images.xcassets; sourceTree = "<group>"; };
		3345ECDC19C568C700007E07 /* Base */ = {isa = PBXFileReference; lastKnownFileType = file.xib; name = Base; path = Base.lproj/LaunchScreen.xib; sourceTree = "<group>"; };
		3345ECE219C568C700007E07 /* MousePadTests.xctest */ = {isa = PBXFileReference; explicitFileType = wrapper.cfbundle; includeInIndex = 0; path = MousePadTests.xctest; sourceTree = BUILT_PRODUCTS_DIR; };
		3345ECE719C568C700007E07 /* Info.plist */ = {isa = PBXFileReference; lastKnownFileType = text.plist.xml; path = Info.plist; sourceTree = "<group>"; };
		3345ECE819C568C700007E07 /* MousePadTests.swift */ = {isa = PBXFileReference; lastKnownFileType = sourcecode.swift; path = MousePadTests.swift; sourceTree = "<group>"; };
/* End PBXFileReference section */

/* Begin PBXFrameworksBuildPhase section */
		3345ECCA19C568C700007E07 /* Frameworks */ = {
			isa = PBXFrameworksBuildPhase;
			buildActionMask = 2147483647;
			files = (
			);
			runOnlyForDeploymentPostprocessing = 0;
		};
		3345ECDF19C568C700007E07 /* Frameworks */ = {
			isa = PBXFrameworksBuildPhase;
			buildActionMask = 2147483647;
			files = (
			);
			runOnlyForDeploymentPostprocessing = 0;
		};
/* End PBXFrameworksBuildPhase section */

/* Begin PBXGroup section */
		3345ECC419C568C700007E07 = {
			isa = PBXGroup;
			children = (
				3345ECCF19C568C700007E07 /* MousePad */,
				3345ECE519C568C700007E07 /* MousePadTests */,
				3345ECCE19C568C700007E07 /* Products */,
			);
			sourceTree = "<group>";
		};
		3345ECCE19C568C700007E07 /* Products */ = {
			isa = PBXGroup;
			children = (
				3345ECCD19C568C700007E07 /* MousePad.app */,
				3345ECE219C568C700007E07 /* MousePadTests.xctest */,
			);
			name = Products;
			sourceTree = "<group>";
		};
		3345ECCF19C568C700007E07 /* MousePad */ = {
			isa = PBXGroup;
			children = (
				3345ECD219C568C700007E07 /* AppDelegate.swift */,
				3345ECD419C568C700007E07 /* ViewController.swift */,
				3345ECD619C568C700007E07 /* Main.storyboard */,
				3345ECD919C568C700007E07 /* Images.xcassets */,
				3345ECDB19C568C700007E07 /* LaunchScreen.xib */,
				3345ECD019C568C700007E07 /* Supporting Files */,
			);
			path = MousePad;
			sourceTree = "<group>";
		};
		3345ECD019C568C700007E07 /* Supporting Files */ = {
			isa = PBXGroup;
			children = (
				3345ECD119C568C700007E07 /* Info.plist */,
			);
			name = "Supporting Files";
			sourceTree = "<group>";
		};
		3345ECE519C568C700007E07 /* MousePadTests */ = {
			isa = PBXGroup;
			children = (
				3345ECE819C568C700007E07 /* MousePadTests.swift */,
				3345ECE619C568C700007E07 /* Supporting Files */,
			);
			path = MousePadTests;
			sourceTree = "<group>";
		};
		3345ECE619C568C700007E07 /* Supporting Files */ = {
			isa = PBXGroup;
			children = (
				3345ECE719C568C700007E07 /* Info.plist */,
			);
			name = "Supporting Files";
			sourceTree = "<group>";
		};
/* End PBXGroup section */

/* Begin PBXNativeTarget section */
		3345ECCC19C568C700007E07 /* MousePad */ = {
			isa = PBXNativeTarget;
			buildConfigurationList = 3345ECEC19C568C700007E07 /* Build configuration list for PBXNativeTarget "MousePad" */;
			buildPhases = (
				3345ECC919C568C700007E07 /* Sources */,
				3345ECCA19C568C700007E07 /* Frameworks */,
				3345ECCB19C568C700007E07 /* Resources */,
			);
			buildRules = (
			);
			dependencies = (
			);
			name = MousePad;
			productName = MousePad;
			productReference = 3345ECCD19C568C700007E07 /* MousePad.app */;
			productType = "com.apple.product-type.application";
		};
		3345ECE119C568C700007E07 /* MousePadTests */ = {
			isa = PBXNativeTarget;
			buildConfigurationList = 3345ECEF19C568C700007E07 /* Build configuration list for PBXNativeTarget "MousePadTests" */;
			buildPhases = (
				3345ECDE19C568C700007E07 /* Sources */,
				3345ECDF19C568C700007E07 /* Frameworks */,
				3345ECE019C568C700007E07 /* Resources */,
			);
			buildRules = (
			);
			dependencies = (
				3345ECE419C568C700007E07 /* PBXTargetDependency */,
			);
			name = MousePadTests;
			productName = MousePadTests;
			productReference = 3345ECE219C568C700007E07 /* MousePadTests.xctest */;
			productType = "com.apple.product-type.bundle.unit-test";
		};
/* End PBXNativeTarget section */

/* Begin PBXProject section */
		3345ECC519C568C700007E07 /* Project object */ = {
			isa = PBXProject;
			attributes = {
				LastUpgradeCheck = 0600;
				ORGANIZATIONNAME = KISSAKI;
				TargetAttributes = {
					3345ECCC19C568C700007E07 = {
						CreatedOnToolsVersion = 6.0;
					};
					3345ECE119C568C700007E07 = {
						CreatedOnToolsVersion = 6.0;
						TestTargetID = 3345ECCC19C568C700007E07;
					};
				};
			};
			buildConfigurationList = 3345ECC819C568C700007E07 /* Build configuration list for PBXProject "MousePad" */;
			compatibilityVersion = "Xcode 3.2";
			developmentRegion = English;
			hasScannedForEncodings = 0;
			knownRegions = (
				en,
				Base,
			);
			mainGroup = 3345ECC419C568C700007E07;
			productRefGroup = 3345ECCE19C568C700007E07 /* Products */;
			projectDirPath = "";
			projectRoot = "";
			targets = (
				3345ECCC19C568C700007E07 /* MousePad */,
				3345ECE119C568C700007E07 /* MousePadTests */,
			);
		};
/* End PBXProject section */

/* Begin PBXResourcesBuildPhase section */
		3345ECCB19C568C700007E07 /* Resources */ = {
			isa = PBXResourcesBuildPhase;
			buildActionMask = 2147483647;
			files = (
				3345ECD819C568C700007E07 /* Main.storyboard in Resources */,
				3345ECDD19C568C700007E07 /* LaunchScreen.xib in Resources */,
				3345ECDA19C568C700007E07 /* Images.xcassets in Resources */,
			);
			runOnlyForDeploymentPostprocessing = 0;
		};
		3345ECE019C568C700007E07 /* Resources */ = {
			isa = PBXResourcesBuildPhase;
			buildActionMask = 2147483647;
			files = (
			);
			runOnlyForDeploymentPostprocessing = 0;
		};
/* End PBXResourcesBuildPhase section */

/* Begin PBXSourcesBuildPhase section */
		3345ECC919C568C700007E07 /* Sources */ = {
			isa = PBXSourcesBuildPhase;
			buildActionMask = 2147483647;
			files = (
				3345ECD519C568C700007E07 /* ViewController.swift in Sources */,
				3345ECD319C568C700007E07 /* AppDelegate.swift in Sources */,
			);
			runOnlyForDeploymentPostprocessing = 0;
		};
		3345ECDE19C568C700007E07 /* Sources */ = {
			isa = PBXSourcesBuildPhase;
			buildActionMask = 2147483647;
			files = (
				3345ECE919C568C700007E07 /* MousePadTests.swift in Sources */,
			);
			runOnlyForDeploymentPostprocessing = 0;
		};
/* End PBXSourcesBuildPhase section */

/* Begin PBXTargetDependency section */
		3345ECE419C568C700007E07 /* PBXTargetDependency */ = {
			isa = PBXTargetDependency;
			target = 3345ECCC19C568C700007E07 /* MousePad */;
			targetProxy = 3345ECE319C568C700007E07 /* PBXContainerItemProxy */;
		};
/* End PBXTargetDependency section */

/* Begin PBXVariantGroup section */
		3345ECD619C568C700007E07 /* Main.storyboard */ = {
			isa = PBXVariantGroup;
			children = (
				3345ECD719C568C700007E07 /* Base */,
			);
			name = Main.storyboard;
			sourceTree = "<group>";
		};
		3345ECDB19C568C700007E07 /* LaunchScreen.xib */ = {
			isa = PBXVariantGroup;
			children = (
				3345ECDC19C568C700007E07 /* Base */,
			);
			name = LaunchScreen.xib;
			sourceTree = "<group>";
		};
/* End PBXVariantGroup section */

/* Begin XCBuildConfiguration section */
		3345ECEA19C568C700007E07 /* Debug */ = {
			isa = XCBuildConfiguration;
			buildSettings = {
				ALWAYS_SEARCH_USER_PATHS = NO;
				CLANG_CXX_LANGUAGE_STANDARD = "gnu++0x";
				CLANG_CXX_LIBRARY = "libc++";
				CLANG_ENABLE_MODULES = YES;
				CLANG_ENABLE_OBJC_ARC = YES;
				CLANG_WARN_BOOL_CONVERSION = YES;
				CLANG_WARN_CONSTANT_CONVERSION = YES;
				CLANG_WARN_DIRECT_OBJC_ISA_USAGE = YES_ERROR;
				CLANG_WARN_EMPTY_BODY = YES;
				CLANG_WARN_ENUM_CONVERSION = YES;
				CLANG_WARN_INT_CONVERSION = YES;
				CLANG_WARN_OBJC_ROOT_CLASS = YES_ERROR;
				CLANG_WARN_UNREACHABLE_CODE = YES;
				CLANG_WARN__DUPLICATE_METHOD_MATCH = YES;
				"CODE_SIGN_IDENTITY[sdk=iphoneos*]" = "iPhone Developer";
				COPY_PHASE_STRIP = NO;
				ENABLE_STRICT_OBJC_MSGSEND = YES;
				GCC_C_LANGUAGE_STANDARD = gnu99;
				GCC_DYNAMIC_NO_PIC = NO;
				GCC_OPTIMIZATION_LEVEL = 0;
				GCC_PREPROCESSOR_DEFINITIONS = (
					"DEBUG=1",
					"$(inherited)",
				);
				GCC_SYMBOLS_PRIVATE_EXTERN = NO;
				GCC_WARN_64_TO_32_BIT_CONVERSION = YES;
				GCC_WARN_ABOUT_RETURN_TYPE = YES_ERROR;
				GCC_WARN_UNDECLARED_SELECTOR = YES;
				GCC_WARN_UNINITIALIZED_AUTOS = YES_AGGRESSIVE;
				GCC_WARN_UNUSED_FUNCTION = YES;
				GCC_WARN_UNUSED_VARIABLE = YES;
				IPHONEOS_DEPLOYMENT_TARGET = 8.0;
				MTL_ENABLE_DEBUG_INFO = YES;
				ONLY_ACTIVE_ARCH = YES;
				SDKROOT = iphoneos;
				SWIFT_OPTIMIZATION_LEVEL = "-Onone";
				TARGETED_DEVICE_FAMILY = 2;
			};
			name = Debug;
		};
		3345ECEB19C568C700007E07 /* Release */ = {
			isa = XCBuildConfiguration;
			buildSettings = {
				ALWAYS_SEARCH_USER_PATHS = NO;
				CLANG_CXX_LANGUAGE_STANDARD = "gnu++0x";
				CLANG_CXX_LIBRARY = "libc++";
				CLANG_ENABLE_MODULES = YES;
				CLANG_ENABLE_OBJC_ARC = YES;
				CLANG_WARN_BOOL_CONVERSION = YES;
				CLANG_WARN_CONSTANT_CONVERSION = YES;
				CLANG_WARN_DIRECT_OBJC_ISA_USAGE = YES_ERROR;
				CLANG_WARN_EMPTY_BODY = YES;
				CLANG_WARN_ENUM_CONVERSION = YES;
				CLANG_WARN_INT_CONVERSION = YES;
				CLANG_WARN_OBJC_ROOT_CLASS = YES_ERROR;
				CLANG_WARN_UNREACHABLE_CODE = YES;
				CLANG_WARN__DUPLICATE_METHOD_MATCH = YES;
				"CODE_SIGN_IDENTITY[sdk=iphoneos*]" = "iPhone Developer";
				COPY_PHASE_STRIP = YES;
				ENABLE_NS_ASSERTIONS = NO;
				ENABLE_STRICT_OBJC_MSGSEND = YES;
				GCC_C_LANGUAGE_STANDARD = gnu99;
				GCC_WARN_64_TO_32_BIT_CONVERSION = YES;
				GCC_WARN_ABOUT_RETURN_TYPE = YES_ERROR;
				GCC_WARN_UNDECLARED_SELECTOR = YES;
				GCC_WARN_UNINITIALIZED_AUTOS = YES_AGGRESSIVE;
				GCC_WARN_UNUSED_FUNCTION = YES;
				GCC_WARN_UNUSED_VARIABLE = YES;
				IPHONEOS_DEPLOYMENT_TARGET = 8.0;
				MTL_ENABLE_DEBUG_INFO = NO;
				SDKROOT = iphoneos;
				TARGETED_DEVICE_FAMILY = 2;
				VALIDATE_PRODUCT = YES;
			};
			name = Release;
		};
		3345ECED19C568C700007E07 /* Debug */ = {
			isa = XCBuildConfiguration;
			buildSettings = {
				ASSETCATALOG_COMPILER_APPICON_NAME = AppIcon;
				INFOPLIST_FILE = MousePad/Info.plist;
				LD_RUNPATH_SEARCH_PATHS = "$(inherited) @executable_path/Frameworks";
				PRODUCT_NAME = "$(TARGET_NAME)";
			};
			name = Debug;
		};
		3345ECEE19C568C700007E07 /* Release */ = {
			isa = XCBuildConfiguration;
			buildSettings = {
				ASSETCATALOG_COMPILER_APPICON_NAME = AppIcon;
				INFOPLIST_FILE = MousePad/Info.plist;
				LD_RUNPATH_SEARCH_PATHS = "$(inherited) @executable_path/Frameworks";
				PRODUCT_NAME = "$(TARGET_NAME)";
			};
			name = Release;
		};
		3345ECF019C568C700007E07 /* Debug */ = {
			isa = XCBuildConfiguration;
			buildSettings = {
				BUNDLE_LOADER = "$(TEST_HOST)";
				FRAMEWORK_SEARCH_PATHS = (
					"$(SDKROOT)/Developer/Library/Frameworks",
					"$(inherited)",
				);
				GCC_PREPROCESSOR_DEFINITIONS = (
					"DEBUG=1",
					"$(inherited)",
				);
				INFOPLIST_FILE = MousePadTests/Info.plist;
				LD_RUNPATH_SEARCH_PATHS = "$(inherited) @executable_path/Frameworks @loader_path/Frameworks";
				PRODUCT_NAME = "$(TARGET_NAME)";
				TEST_HOST = "$(BUILT_PRODUCTS_DIR)/MousePad.app/MousePad";
			};
			name = Debug;
		};
		3345ECF119C568C700007E07 /* Release */ = {
			isa = XCBuildConfiguration;
			buildSettings = {
				BUNDLE_LOADER = "$(TEST_HOST)";
				FRAMEWORK_SEARCH_PATHS = (
					"$(SDKROOT)/Developer/Library/Frameworks",
					"$(inherited)",
				);
				INFOPLIST_FILE = MousePadTests/Info.plist;
				LD_RUNPATH_SEARCH_PATHS = "$(inherited) @executable_path/Frameworks @loader_path/Frameworks";
				PRODUCT_NAME = "$(TARGET_NAME)";
				TEST_HOST = "$(BUILT_PRODUCTS_DIR)/MousePad.app/MousePad";
			};
			name = Release;
		};
/* End XCBuildConfiguration section */

/* Begin XCConfigurationList section */
		3345ECC819C568C700007E07 /* Build configuration list for PBXProject "MousePad" */ = {
			isa = XCConfigurationList;
			buildConfigurations = (
				3345ECEA19C568C700007E07 /* Debug */,
				3345ECEB19C568C700007E07 /* Release */,
			);
			defaultConfigurationIsVisible = 0;
			defaultConfigurationName = Release;
		};
		3345ECEC19C568C700007E07 /* Build configuration list for PBXNativeTarget "MousePad" */ = {
			isa = XCConfigurationList;
			buildConfigurations = (
				3345ECED19C568C700007E07 /* Debug */,
				3345ECEE19C568C700007E07 /* Release */,
			);
			defaultConfigurationIsVisible = 0;
		};
		3345ECEF19C568C700007E07 /* Build configuration list for PBXNativeTarget "MousePadTests" */ = {
			isa = XCConfigurationList;
			buildConfigurations = (
				3345ECF019C568C700007E07 /* Debug */,
				3345ECF119C568C700007E07 /* Release */,
			);
			defaultConfigurationIsVisible = 0;
		};
/* End XCConfigurationList section */
	};
	rootObject = 3345ECC519C568C700007E07 /* Project object */;
}
