// !$*UTF8*$!
{
	archiveVersion = 1;
	classes = {
	};
	objectVersion = 46;
	objects = {

/* Begin PBXBuildFile section */
		3363128719C7C5AC00207703 /* AppDelegate.swift in Sources */ = {isa = PBXBuildFile; fileRef = 3363128619C7C5AC00207703 /* AppDelegate.swift */; };
		3363128919C7C5AC00207703 /* ViewController.swift in Sources */ = {isa = PBXBuildFile; fileRef = 3363128819C7C5AC00207703 /* ViewController.swift */; };
		3363128C19C7C5AC00207703 /* Main.storyboard in Resources */ = {isa = PBXBuildFile; fileRef = 3363128A19C7C5AC00207703 /* Main.storyboard */; };
		3363128E19C7C5AC00207703 /* Images.xcassets in Resources */ = {isa = PBXBuildFile; fileRef = 3363128D19C7C5AC00207703 /* Images.xcassets */; };
		3363129119C7C5AC00207703 /* LaunchScreen.xib in Resources */ = {isa = PBXBuildFile; fileRef = 3363128F19C7C5AC00207703 /* LaunchScreen.xib */; };
		3363129D19C7C5AC00207703 /* MousePadTests.swift in Sources */ = {isa = PBXBuildFile; fileRef = 3363129C19C7C5AC00207703 /* MousePadTests.swift */; };
/* End PBXBuildFile section */

/* Begin PBXContainerItemProxy section */
		3363129719C7C5AC00207703 /* PBXContainerItemProxy */ = {
			isa = PBXContainerItemProxy;
			containerPortal = 3363127919C7C5AC00207703 /* Project object */;
			proxyType = 1;
			remoteGlobalIDString = 3363128019C7C5AC00207703;
			remoteInfo = MousePad;
		};
/* End PBXContainerItemProxy section */

/* Begin PBXFileReference section */
		3363128119C7C5AC00207703 /* MousePad.app */ = {isa = PBXFileReference; explicitFileType = wrapper.application; includeInIndex = 0; path = MousePad.app; sourceTree = BUILT_PRODUCTS_DIR; };
		3363128519C7C5AC00207703 /* Info.plist */ = {isa = PBXFileReference; lastKnownFileType = text.plist.xml; path = Info.plist; sourceTree = "<group>"; };
		3363128619C7C5AC00207703 /* AppDelegate.swift */ = {isa = PBXFileReference; lastKnownFileType = sourcecode.swift; path = AppDelegate.swift; sourceTree = "<group>"; };
		3363128819C7C5AC00207703 /* ViewController.swift */ = {isa = PBXFileReference; lastKnownFileType = sourcecode.swift; path = ViewController.swift; sourceTree = "<group>"; };
		3363128B19C7C5AC00207703 /* Base */ = {isa = PBXFileReference; lastKnownFileType = file.storyboard; name = Base; path = Base.lproj/Main.storyboard; sourceTree = "<group>"; };
		3363128D19C7C5AC00207703 /* Images.xcassets */ = {isa = PBXFileReference; lastKnownFileType = folder.assetcatalog; path = Images.xcassets; sourceTree = "<group>"; };
		3363129019C7C5AC00207703 /* Base */ = {isa = PBXFileReference; lastKnownFileType = file.xib; name = Base; path = Base.lproj/LaunchScreen.xib; sourceTree = "<group>"; };
		3363129619C7C5AC00207703 /* MousePadTests.xctest */ = {isa = PBXFileReference; explicitFileType = wrapper.cfbundle; includeInIndex = 0; path = MousePadTests.xctest; sourceTree = BUILT_PRODUCTS_DIR; };
		3363129B19C7C5AC00207703 /* Info.plist */ = {isa = PBXFileReference; lastKnownFileType = text.plist.xml; path = Info.plist; sourceTree = "<group>"; };
		3363129C19C7C5AC00207703 /* MousePadTests.swift */ = {isa = PBXFileReference; lastKnownFileType = sourcecode.swift; path = MousePadTests.swift; sourceTree = "<group>"; };
/* End PBXFileReference section */

/* Begin PBXFrameworksBuildPhase section */
		3363127E19C7C5AC00207703 /* Frameworks */ = {
			isa = PBXFrameworksBuildPhase;
			buildActionMask = 2147483647;
			files = (
			);
			runOnlyForDeploymentPostprocessing = 0;
		};
		3363129319C7C5AC00207703 /* Frameworks */ = {
			isa = PBXFrameworksBuildPhase;
			buildActionMask = 2147483647;
			files = (
			);
			runOnlyForDeploymentPostprocessing = 0;
		};
/* End PBXFrameworksBuildPhase section */

/* Begin PBXGroup section */
		3363127819C7C5AC00207703 = {
			isa = PBXGroup;
			children = (
				3363128319C7C5AC00207703 /* MousePad */,
				3363129919C7C5AC00207703 /* MousePadTests */,
				3363128219C7C5AC00207703 /* Products */,
			);
			sourceTree = "<group>";
		};
		3363128219C7C5AC00207703 /* Products */ = {
			isa = PBXGroup;
			children = (
				3363128119C7C5AC00207703 /* MousePad.app */,
				3363129619C7C5AC00207703 /* MousePadTests.xctest */,
			);
			name = Products;
			sourceTree = "<group>";
		};
		3363128319C7C5AC00207703 /* MousePad */ = {
			isa = PBXGroup;
			children = (
				3363128619C7C5AC00207703 /* AppDelegate.swift */,
				3363128819C7C5AC00207703 /* ViewController.swift */,
				3363128A19C7C5AC00207703 /* Main.storyboard */,
				3363128D19C7C5AC00207703 /* Images.xcassets */,
				3363128F19C7C5AC00207703 /* LaunchScreen.xib */,
				3363128419C7C5AC00207703 /* Supporting Files */,
			);
			path = MousePad;
			sourceTree = "<group>";
		};
		3363128419C7C5AC00207703 /* Supporting Files */ = {
			isa = PBXGroup;
			children = (
				3363128519C7C5AC00207703 /* Info.plist */,
			);
			name = "Supporting Files";
			sourceTree = "<group>";
		};
		3363129919C7C5AC00207703 /* MousePadTests */ = {
			isa = PBXGroup;
			children = (
				3363129C19C7C5AC00207703 /* MousePadTests.swift */,
				3363129A19C7C5AC00207703 /* Supporting Files */,
			);
			path = MousePadTests;
			sourceTree = "<group>";
		};
		3363129A19C7C5AC00207703 /* Supporting Files */ = {
			isa = PBXGroup;
			children = (
				3363129B19C7C5AC00207703 /* Info.plist */,
			);
			name = "Supporting Files";
			sourceTree = "<group>";
		};
/* End PBXGroup section */

/* Begin PBXNativeTarget section */
		3363128019C7C5AC00207703 /* MousePad */ = {
			isa = PBXNativeTarget;
			buildConfigurationList = 336312A019C7C5AC00207703 /* Build configuration list for PBXNativeTarget "MousePad" */;
			buildPhases = (
				3363127D19C7C5AC00207703 /* Sources */,
				3363127E19C7C5AC00207703 /* Frameworks */,
				3363127F19C7C5AC00207703 /* Resources */,
			);
			buildRules = (
			);
			dependencies = (
			);
			name = MousePad;
			productName = MousePad;
			productReference = 3363128119C7C5AC00207703 /* MousePad.app */;
			productType = "com.apple.product-type.application";
		};
		3363129519C7C5AC00207703 /* MousePadTests */ = {
			isa = PBXNativeTarget;
			buildConfigurationList = 336312A319C7C5AC00207703 /* Build configuration list for PBXNativeTarget "MousePadTests" */;
			buildPhases = (
				3363129219C7C5AC00207703 /* Sources */,
				3363129319C7C5AC00207703 /* Frameworks */,
				3363129419C7C5AC00207703 /* Resources */,
			);
			buildRules = (
			);
			dependencies = (
				3363129819C7C5AC00207703 /* PBXTargetDependency */,
			);
			name = MousePadTests;
			productName = MousePadTests;
			productReference = 3363129619C7C5AC00207703 /* MousePadTests.xctest */;
			productType = "com.apple.product-type.bundle.unit-test";
		};
/* End PBXNativeTarget section */

/* Begin PBXProject section */
		3363127919C7C5AC00207703 /* Project object */ = {
			isa = PBXProject;
			attributes = {
				LastUpgradeCheck = 0600;
				ORGANIZATIONNAME = KISSAKI;
				TargetAttributes = {
					3363128019C7C5AC00207703 = {
						CreatedOnToolsVersion = 6.0;
					};
					3363129519C7C5AC00207703 = {
						CreatedOnToolsVersion = 6.0;
						TestTargetID = 3363128019C7C5AC00207703;
					};
				};
			};
			buildConfigurationList = 3363127C19C7C5AC00207703 /* Build configuration list for PBXProject "MousePad" */;
			compatibilityVersion = "Xcode 3.2";
			developmentRegion = English;
			hasScannedForEncodings = 0;
			knownRegions = (
				en,
				Base,
			);
			mainGroup = 3363127819C7C5AC00207703;
			productRefGroup = 3363128219C7C5AC00207703 /* Products */;
			projectDirPath = "";
			projectRoot = "";
			targets = (
				3363128019C7C5AC00207703 /* MousePad */,
				3363129519C7C5AC00207703 /* MousePadTests */,
			);
		};
/* End PBXProject section */

/* Begin PBXResourcesBuildPhase section */
		3363127F19C7C5AC00207703 /* Resources */ = {
			isa = PBXResourcesBuildPhase;
			buildActionMask = 2147483647;
			files = (
				3363128C19C7C5AC00207703 /* Main.storyboard in Resources */,
				3363129119C7C5AC00207703 /* LaunchScreen.xib in Resources */,
				3363128E19C7C5AC00207703 /* Images.xcassets in Resources */,
			);
			runOnlyForDeploymentPostprocessing = 0;
		};
		3363129419C7C5AC00207703 /* Resources */ = {
			isa = PBXResourcesBuildPhase;
			buildActionMask = 2147483647;
			files = (
			);
			runOnlyForDeploymentPostprocessing = 0;
		};
/* End PBXResourcesBuildPhase section */

/* Begin PBXSourcesBuildPhase section */
		3363127D19C7C5AC00207703 /* Sources */ = {
			isa = PBXSourcesBuildPhase;
			buildActionMask = 2147483647;
			files = (
				3363128919C7C5AC00207703 /* ViewController.swift in Sources */,
				3363128719C7C5AC00207703 /* AppDelegate.swift in Sources */,
			);
			runOnlyForDeploymentPostprocessing = 0;
		};
		3363129219C7C5AC00207703 /* Sources */ = {
			isa = PBXSourcesBuildPhase;
			buildActionMask = 2147483647;
			files = (
				3363129D19C7C5AC00207703 /* MousePadTests.swift in Sources */,
			);
			runOnlyForDeploymentPostprocessing = 0;
		};
/* End PBXSourcesBuildPhase section */

/* Begin PBXTargetDependency section */
		3363129819C7C5AC00207703 /* PBXTargetDependency */ = {
			isa = PBXTargetDependency;
			target = 3363128019C7C5AC00207703 /* MousePad */;
			targetProxy = 3363129719C7C5AC00207703 /* PBXContainerItemProxy */;
		};
/* End PBXTargetDependency section */

/* Begin PBXVariantGroup section */
		3363128A19C7C5AC00207703 /* Main.storyboard */ = {
			isa = PBXVariantGroup;
			children = (
				3363128B19C7C5AC00207703 /* Base */,
			);
			name = Main.storyboard;
			sourceTree = "<group>";
		};
		3363128F19C7C5AC00207703 /* LaunchScreen.xib */ = {
			isa = PBXVariantGroup;
			children = (
				3363129019C7C5AC00207703 /* Base */,
			);
			name = LaunchScreen.xib;
			sourceTree = "<group>";
		};
/* End PBXVariantGroup section */

/* Begin XCBuildConfiguration section */
		3363129E19C7C5AC00207703 /* Debug */ = {
			isa = XCBuildConfiguration;
			buildSettings = {
				ALWAYS_SEARCH_USER_PATHS = NO;
				CLANG_CXX_LANGUAGE_STANDARD = "gnu++0x";
				CLANG_CXX_LIBRARY = "libc++";
				CLANG_ENABLE_MODULES = YES;
				CLANG_ENABLE_OBJC_ARC = YES;
				CLANG_WARN_BOOL_CONVERSION = YES;
				CLANG_WARN_CONSTANT_CONVERSION = YES;
				CLANG_WARN_DIRECT_OBJC_ISA_USAGE = YES_ERROR;
				CLANG_WARN_EMPTY_BODY = YES;
				CLANG_WARN_ENUM_CONVERSION = YES;
				CLANG_WARN_INT_CONVERSION = YES;
				CLANG_WARN_OBJC_ROOT_CLASS = YES_ERROR;
				CLANG_WARN_UNREACHABLE_CODE = YES;
				CLANG_WARN__DUPLICATE_METHOD_MATCH = YES;
				"CODE_SIGN_IDENTITY[sdk=iphoneos*]" = "iPhone Developer";
				COPY_PHASE_STRIP = NO;
				ENABLE_STRICT_OBJC_MSGSEND = YES;
				GCC_C_LANGUAGE_STANDARD = gnu99;
				GCC_DYNAMIC_NO_PIC = NO;
				GCC_OPTIMIZATION_LEVEL = 0;
				GCC_PREPROCESSOR_DEFINITIONS = (
					"DEBUG=1",
					"$(inherited)",
				);
				GCC_SYMBOLS_PRIVATE_EXTERN = NO;
				GCC_WARN_64_TO_32_BIT_CONVERSION = YES;
				GCC_WARN_ABOUT_RETURN_TYPE = YES_ERROR;
				GCC_WARN_UNDECLARED_SELECTOR = YES;
				GCC_WARN_UNINITIALIZED_AUTOS = YES_AGGRESSIVE;
				GCC_WARN_UNUSED_FUNCTION = YES;
				GCC_WARN_UNUSED_VARIABLE = YES;
				IPHONEOS_DEPLOYMENT_TARGET = 8.0;
				MTL_ENABLE_DEBUG_INFO = YES;
				ONLY_ACTIVE_ARCH = YES;
				SDKROOT = iphoneos;
				SWIFT_OPTIMIZATION_LEVEL = "-Onone";
				TARGETED_DEVICE_FAMILY = 2;
			};
			name = Debug;
		};
		3363129F19C7C5AC00207703 /* Release */ = {
			isa = XCBuildConfiguration;
			buildSettings = {
				ALWAYS_SEARCH_USER_PATHS = NO;
				CLANG_CXX_LANGUAGE_STANDARD = "gnu++0x";
				CLANG_CXX_LIBRARY = "libc++";
				CLANG_ENABLE_MODULES = YES;
				CLANG_ENABLE_OBJC_ARC = YES;
				CLANG_WARN_BOOL_CONVERSION = YES;
				CLANG_WARN_CONSTANT_CONVERSION = YES;
				CLANG_WARN_DIRECT_OBJC_ISA_USAGE = YES_ERROR;
				CLANG_WARN_EMPTY_BODY = YES;
				CLANG_WARN_ENUM_CONVERSION = YES;
				CLANG_WARN_INT_CONVERSION = YES;
				CLANG_WARN_OBJC_ROOT_CLASS = YES_ERROR;
				CLANG_WARN_UNREACHABLE_CODE = YES;
				CLANG_WARN__DUPLICATE_METHOD_MATCH = YES;
				"CODE_SIGN_IDENTITY[sdk=iphoneos*]" = "iPhone Developer";
				COPY_PHASE_STRIP = YES;
				ENABLE_NS_ASSERTIONS = NO;
				ENABLE_STRICT_OBJC_MSGSEND = YES;
				GCC_C_LANGUAGE_STANDARD = gnu99;
				GCC_WARN_64_TO_32_BIT_CONVERSION = YES;
				GCC_WARN_ABOUT_RETURN_TYPE = YES_ERROR;
				GCC_WARN_UNDECLARED_SELECTOR = YES;
				GCC_WARN_UNINITIALIZED_AUTOS = YES_AGGRESSIVE;
				GCC_WARN_UNUSED_FUNCTION = YES;
				GCC_WARN_UNUSED_VARIABLE = YES;
				IPHONEOS_DEPLOYMENT_TARGET = 8.0;
				MTL_ENABLE_DEBUG_INFO = NO;
				SDKROOT = iphoneos;
				TARGETED_DEVICE_FAMILY = 2;
				VALIDATE_PRODUCT = YES;
			};
			name = Release;
		};
		336312A119C7C5AC00207703 /* Debug */ = {
			isa = XCBuildConfiguration;
			buildSettings = {
				ASSETCATALOG_COMPILER_APPICON_NAME = AppIcon;
				INFOPLIST_FILE = MousePad/Info.plist;
				LD_RUNPATH_SEARCH_PATHS = "$(inherited) @executable_path/Frameworks";
				PRODUCT_NAME = "$(TARGET_NAME)";
			};
			name = Debug;
		};
		336312A219C7C5AC00207703 /* Release */ = {
			isa = XCBuildConfiguration;
			buildSettings = {
				ASSETCATALOG_COMPILER_APPICON_NAME = AppIcon;
				INFOPLIST_FILE = MousePad/Info.plist;
				LD_RUNPATH_SEARCH_PATHS = "$(inherited) @executable_path/Frameworks";
				PRODUCT_NAME = "$(TARGET_NAME)";
			};
			name = Release;
		};
		336312A419C7C5AC00207703 /* Debug */ = {
			isa = XCBuildConfiguration;
			buildSettings = {
				BUNDLE_LOADER = "$(TEST_HOST)";
				FRAMEWORK_SEARCH_PATHS = (
					"$(SDKROOT)/Developer/Library/Frameworks",
					"$(inherited)",
				);
				GCC_PREPROCESSOR_DEFINITIONS = (
					"DEBUG=1",
					"$(inherited)",
				);
				INFOPLIST_FILE = MousePadTests/Info.plist;
				LD_RUNPATH_SEARCH_PATHS = "$(inherited) @executable_path/Frameworks @loader_path/Frameworks";
				PRODUCT_NAME = "$(TARGET_NAME)";
				TEST_HOST = "$(BUILT_PRODUCTS_DIR)/MousePad.app/MousePad";
			};
			name = Debug;
		};
		336312A519C7C5AC00207703 /* Release */ = {
			isa = XCBuildConfiguration;
			buildSettings = {
				BUNDLE_LOADER = "$(TEST_HOST)";
				FRAMEWORK_SEARCH_PATHS = (
					"$(SDKROOT)/Developer/Library/Frameworks",
					"$(inherited)",
				);
				INFOPLIST_FILE = MousePadTests/Info.plist;
				LD_RUNPATH_SEARCH_PATHS = "$(inherited) @executable_path/Frameworks @loader_path/Frameworks";
				PRODUCT_NAME = "$(TARGET_NAME)";
				TEST_HOST = "$(BUILT_PRODUCTS_DIR)/MousePad.app/MousePad";
			};
			name = Release;
		};
/* End XCBuildConfiguration section */

/* Begin XCConfigurationList section */
		3363127C19C7C5AC00207703 /* Build configuration list for PBXProject "MousePad" */ = {
			isa = XCConfigurationList;
			buildConfigurations = (
				3363129E19C7C5AC00207703 /* Debug */,
				3363129F19C7C5AC00207703 /* Release */,
			);
			defaultConfigurationIsVisible = 0;
			defaultConfigurationName = Release;
		};
		336312A019C7C5AC00207703 /* Build configuration list for PBXNativeTarget "MousePad" */ = {
			isa = XCConfigurationList;
			buildConfigurations = (
				336312A119C7C5AC00207703 /* Debug */,
				336312A219C7C5AC00207703 /* Release */,
			);
			defaultConfigurationIsVisible = 0;
		};
		336312A319C7C5AC00207703 /* Build configuration list for PBXNativeTarget "MousePadTests" */ = {
			isa = XCConfigurationList;
			buildConfigurations = (
				336312A419C7C5AC00207703 /* Debug */,
				336312A519C7C5AC00207703 /* Release */,
			);
			defaultConfigurationIsVisible = 0;
		};
/* End XCConfigurationList section */
	};
	rootObject = 3363127919C7C5AC00207703 /* Project object */;
}
